
Microsoft Visual Studio Solution File, Format Version 12.00
# Visual Studio 15
VisualStudioVersion = 15.0.27703.2026
MinimumVisualStudioVersion = 10.0.40219.1
Project("{FAE04EC0-301F-11D3-BF4B-00C04F79EFBC}") = "WpfGitTest", "WpfGitTest\WpfGitTest.csproj", "{9AF5B0A5-35B9-4D15-B946-AE7B46DE3B34}"
EndProject
Global
	GlobalSection(SolutionConfigurationPlatforms) = preSolution
		Debug|Any CPU = Debug|Any CPU
		Release|Any CPU = Release|Any CPU
	EndGlobalSection
	GlobalSection(ProjectConfigurationPlatforms) = postSolution
		{9AF5B0A5-35B9-4D15-B946-AE7B46DE3B34}.Debug|Any CPU.ActiveCfg = Debug|Any CPU
		{9AF5B0A5-35B9-4D15-B946-AE7B46DE3B34}.Debug|Any CPU.Build.0 = Debug|Any CPU
		{9AF5B0A5-35B9-4D15-B946-AE7B46DE3B34}.Release|Any CPU.ActiveCfg = Release|Any CPU
		{9AF5B0A5-35B9-4D15-B946-AE7B46DE3B34}.Release|Any CPU.Build.0 = Release|Any CPU
	EndGlobalSection
	GlobalSection(SolutionProperties) = preSolution
		HideSolutionNode = FALSE
	EndGlobalSection
	GlobalSection(ExtensibilityGlobals) = postSolution
		SolutionGuid = {593F2A07-F241-49A9-A5F3-D204C0DDC1DC}
	EndGlobalSection
EndGlobal
